
Microsoft Visual Studio Solution File, Format Version 12.00
# Visual Studio Version 17
VisualStudioVersion = 17.2.32602.215
MinimumVisualStudioVersion = 10.0.40219.1
Project("{FAE04EC0-301F-11D3-BF4B-00C04F79EFBC}") = "PensionerDetailsService", "PensionerDetailsService\PensionerDetailsService.csproj", "{9DCE32C9-8FF7-43BE-A310-B475F8B48EDF}"
EndProject
Global
	GlobalSection(SolutionConfigurationPlatforms) = preSolution
		Debug|Any CPU = Debug|Any CPU
		Release|Any CPU = Release|Any CPU
	EndGlobalSection
	GlobalSection(ProjectConfigurationPlatforms) = postSolution
		{9DCE32C9-8FF7-43BE-A310-B475F8B48EDF}.Debug|Any CPU.ActiveCfg = Debug|Any CPU
		{9DCE32C9-8FF7-43BE-A310-B475F8B48EDF}.Debug|Any CPU.Build.0 = Debug|Any CPU
		{9DCE32C9-8FF7-43BE-A310-B475F8B48EDF}.Release|Any CPU.ActiveCfg = Release|Any CPU
		{9DCE32C9-8FF7-43BE-A310-B475F8B48EDF}.Release|Any CPU.Build.0 = Release|Any CPU
	EndGlobalSection
	GlobalSection(SolutionProperties) = preSolution
		HideSolutionNode = FALSE
	EndGlobalSection
	GlobalSection(ExtensibilityGlobals) = postSolution
		SolutionGuid = {25B06EB8-1422-4697-B1F2-118ED4D35CDE}
	EndGlobalSection
EndGlobal
